
Microsoft Visual Studio Solution File, Format Version 12.00
# Visual Studio Version 16
VisualStudioVersion = 25.0.1705.5
MinimumVisualStudioVersion = 10.0.40219.1
Project("{FAE04EC0-301F-11D3-BF4B-00C04F79EFBC}") = "FrontToBack", "FrontToBack\FrontToBack.csproj", "{97DE5835-85BF-4B8F-B5A2-8FD8B433F1B2}"
EndProject
Global
	GlobalSection(SolutionConfigurationPlatforms) = preSolution
		Debug|Any CPU = Debug|Any CPU
		Release|Any CPU = Release|Any CPU
	EndGlobalSection
	GlobalSection(ProjectConfigurationPlatforms) = postSolution
		{97DE5835-85BF-4B8F-B5A2-8FD8B433F1B2}.Debug|Any CPU.ActiveCfg = Debug|Any CPU
		{97DE5835-85BF-4B8F-B5A2-8FD8B433F1B2}.Debug|Any CPU.Build.0 = Debug|Any CPU
		{97DE5835-85BF-4B8F-B5A2-8FD8B433F1B2}.Release|Any CPU.ActiveCfg = Release|Any CPU
		{97DE5835-85BF-4B8F-B5A2-8FD8B433F1B2}.Release|Any CPU.Build.0 = Release|Any CPU
	EndGlobalSection
	GlobalSection(SolutionProperties) = preSolution
		HideSolutionNode = FALSE
	EndGlobalSection
	GlobalSection(ExtensibilityGlobals) = postSolution
		SolutionGuid = {C3B037F9-F114-40DD-94F9-19695EF636A1}
	EndGlobalSection
EndGlobal
